// !$*UTF8*$!
{
	archiveVersion = 1;
	classes = {
	};
	objectVersion = 56;
	objects = {

/* Begin PBXBuildFile section */
		3B532BBC2B8E104400C53B15 /* CategoryListAllView.swift in Sources */ = {isa = PBXBuildFile; fileRef = 3B532BBB2B8E104400C53B15 /* CategoryListAllView.swift */; };
		3BFB9C462B8B406B007F9B9C /* Recipe_AppApp.swift in Sources */ = {isa = PBXBuildFile; fileRef = 3BFB9C452B8B406B007F9B9C /* Recipe_AppApp.swift */; };
		3BFB9C482B8B406B007F9B9C /* ContentView.swift in Sources */ = {isa = PBXBuildFile; fileRef = 3BFB9C472B8B406B007F9B9C /* ContentView.swift */; };
		3BFB9C4A2B8B406D007F9B9C /* Assets.xcassets in Resources */ = {isa = PBXBuildFile; fileRef = 3BFB9C492B8B406D007F9B9C /* Assets.xcassets */; };
		3BFB9C4D2B8B406D007F9B9C /* Preview Assets.xcassets in Resources */ = {isa = PBXBuildFile; fileRef = 3BFB9C4C2B8B406D007F9B9C /* Preview Assets.xcassets */; };
		3BFB9C5A2B8B468A007F9B9C /* Recipe.swift in Sources */ = {isa = PBXBuildFile; fileRef = 3BFB9C592B8B468A007F9B9C /* Recipe.swift */; };
		3BFB9C5E2B8B83EC007F9B9C /* Category.swift in Sources */ = {isa = PBXBuildFile; fileRef = 3BFB9C5D2B8B83EC007F9B9C /* Category.swift */; };
		3BFB9C602B8B851F007F9B9C /* CategoriesVM.swift in Sources */ = {isa = PBXBuildFile; fileRef = 3BFB9C5F2B8B851F007F9B9C /* CategoriesVM.swift */; };
		3BFB9C632B8B8888007F9B9C /* APIService.swift in Sources */ = {isa = PBXBuildFile; fileRef = 3BFB9C622B8B8888007F9B9C /* APIService.swift */; };
		3BFB9C682B8B8997007F9B9C /* Constants.swift in Sources */ = {isa = PBXBuildFile; fileRef = 3BFB9C672B8B8997007F9B9C /* Constants.swift */; };
		3BFB9C6C2B8B8C56007F9B9C /* CategoryListView.swift in Sources */ = {isa = PBXBuildFile; fileRef = 3BFB9C6B2B8B8C56007F9B9C /* CategoryListView.swift */; };
		3BFB9C6E2B8B942E007F9B9C /* CategoryCardView.swift in Sources */ = {isa = PBXBuildFile; fileRef = 3BFB9C6D2B8B942E007F9B9C /* CategoryCardView.swift */; };
		3BFB9C702B8B9918007F9B9C /* Home.swift in Sources */ = {isa = PBXBuildFile; fileRef = 3BFB9C6F2B8B9918007F9B9C /* Home.swift */; };
		3BFB9C752B8B9CC5007F9B9C /* MainTabView.swift in Sources */ = {isa = PBXBuildFile; fileRef = 3BFB9C742B8B9CC5007F9B9C /* MainTabView.swift */; };
		3BFB9C772B8C1FF5007F9B9C /* Meal.swift in Sources */ = {isa = PBXBuildFile; fileRef = 3BFB9C762B8C1FF5007F9B9C /* Meal.swift */; };
		3BFB9C792B8C21B2007F9B9C /* MealCategoryCard.swift in Sources */ = {isa = PBXBuildFile; fileRef = 3BFB9C782B8C21B2007F9B9C /* MealCategoryCard.swift */; };
		3BFB9C7B2B8C23BC007F9B9C /* MealCategoryListView.swift in Sources */ = {isa = PBXBuildFile; fileRef = 3BFB9C7A2B8C23BC007F9B9C /* MealCategoryListView.swift */; };
		3BFB9C7D2B8C23F3007F9B9C /* MealsVM.swift in Sources */ = {isa = PBXBuildFile; fileRef = 3BFB9C7C2B8C23F3007F9B9C /* MealsVM.swift */; };
		3BFB9C7F2B8CB427007F9B9C /* MealDetailView.swift in Sources */ = {isa = PBXBuildFile; fileRef = 3BFB9C7E2B8CB427007F9B9C /* MealDetailView.swift */; };
/* End PBXBuildFile section */

/* Begin PBXFileReference section */
		3B532BBB2B8E104400C53B15 /* CategoryListAllView.swift */ = {isa = PBXFileReference; lastKnownFileType = sourcecode.swift; path = CategoryListAllView.swift; sourceTree = "<group>"; };
		3BFB9C422B8B406B007F9B9C /* Recipe App.app */ = {isa = PBXFileReference; explicitFileType = wrapper.application; includeInIndex = 0; path = "Recipe App.app"; sourceTree = BUILT_PRODUCTS_DIR; };
		3BFB9C452B8B406B007F9B9C /* Recipe_AppApp.swift */ = {isa = PBXFileReference; lastKnownFileType = sourcecode.swift; path = Recipe_AppApp.swift; sourceTree = "<group>"; };
		3BFB9C472B8B406B007F9B9C /* ContentView.swift */ = {isa = PBXFileReference; lastKnownFileType = sourcecode.swift; path = ContentView.swift; sourceTree = "<group>"; };
		3BFB9C492B8B406D007F9B9C /* Assets.xcassets */ = {isa = PBXFileReference; lastKnownFileType = folder.assetcatalog; path = Assets.xcassets; sourceTree = "<group>"; };
		3BFB9C4C2B8B406D007F9B9C /* Preview Assets.xcassets */ = {isa = PBXFileReference; lastKnownFileType = folder.assetcatalog; path = "Preview Assets.xcassets"; sourceTree = "<group>"; };
		3BFB9C592B8B468A007F9B9C /* Recipe.swift */ = {isa = PBXFileReference; lastKnownFileType = sourcecode.swift; path = Recipe.swift; sourceTree = "<group>"; };
		3BFB9C5D2B8B83EC007F9B9C /* Category.swift */ = {isa = PBXFileReference; lastKnownFileType = sourcecode.swift; path = Category.swift; sourceTree = "<group>"; };
		3BFB9C5F2B8B851F007F9B9C /* CategoriesVM.swift */ = {isa = PBXFileReference; lastKnownFileType = sourcecode.swift; path = CategoriesVM.swift; sourceTree = "<group>"; };
		3BFB9C622B8B8888007F9B9C /* APIService.swift */ = {isa = PBXFileReference; lastKnownFileType = sourcecode.swift; path = APIService.swift; sourceTree = "<group>"; };
		3BFB9C672B8B8997007F9B9C /* Constants.swift */ = {isa = PBXFileReference; lastKnownFileType = sourcecode.swift; path = Constants.swift; sourceTree = "<group>"; };
		3BFB9C6B2B8B8C56007F9B9C /* CategoryListView.swift */ = {isa = PBXFileReference; lastKnownFileType = sourcecode.swift; path = CategoryListView.swift; sourceTree = "<group>"; };
		3BFB9C6D2B8B942E007F9B9C /* CategoryCardView.swift */ = {isa = PBXFileReference; lastKnownFileType = sourcecode.swift; path = CategoryCardView.swift; sourceTree = "<group>"; };
		3BFB9C6F2B8B9918007F9B9C /* Home.swift */ = {isa = PBXFileReference; lastKnownFileType = sourcecode.swift; path = Home.swift; sourceTree = "<group>"; };
		3BFB9C742B8B9CC5007F9B9C /* MainTabView.swift */ = {isa = PBXFileReference; lastKnownFileType = sourcecode.swift; path = MainTabView.swift; sourceTree = "<group>"; };
		3BFB9C762B8C1FF5007F9B9C /* Meal.swift */ = {isa = PBXFileReference; lastKnownFileType = sourcecode.swift; path = Meal.swift; sourceTree = "<group>"; };
		3BFB9C782B8C21B2007F9B9C /* MealCategoryCard.swift */ = {isa = PBXFileReference; lastKnownFileType = sourcecode.swift; path = MealCategoryCard.swift; sourceTree = "<group>"; };
		3BFB9C7A2B8C23BC007F9B9C /* MealCategoryListView.swift */ = {isa = PBXFileReference; lastKnownFileType = sourcecode.swift; path = MealCategoryListView.swift; sourceTree = "<group>"; };
		3BFB9C7C2B8C23F3007F9B9C /* MealsVM.swift */ = {isa = PBXFileReference; lastKnownFileType = sourcecode.swift; path = MealsVM.swift; sourceTree = "<group>"; };
		3BFB9C7E2B8CB427007F9B9C /* MealDetailView.swift */ = {isa = PBXFileReference; lastKnownFileType = sourcecode.swift; path = MealDetailView.swift; sourceTree = "<group>"; };
/* End PBXFileReference section */

/* Begin PBXFrameworksBuildPhase section */
		3BFB9C3F2B8B406B007F9B9C /* Frameworks */ = {
			isa = PBXFrameworksBuildPhase;
			buildActionMask = 2147483647;
			files = (
			);
			runOnlyForDeploymentPostprocessing = 0;
		};
/* End PBXFrameworksBuildPhase section */

/* Begin PBXGroup section */
		3BFB9C392B8B406A007F9B9C = {
			isa = PBXGroup;
			children = (
				3BFB9C442B8B406B007F9B9C /* Recipe App */,
				3BFB9C432B8B406B007F9B9C /* Products */,
			);
			sourceTree = "<group>";
		};
		3BFB9C432B8B406B007F9B9C /* Products */ = {
			isa = PBXGroup;
			children = (
				3BFB9C422B8B406B007F9B9C /* Recipe App.app */,
			);
			name = Products;
			sourceTree = "<group>";
		};
		3BFB9C442B8B406B007F9B9C /* Recipe App */ = {
			isa = PBXGroup;
			children = (
				3BFB9C572B8B465F007F9B9C /* Commons */,
				3BFB9C562B8B4655007F9B9C /* ViewModels */,
				3BFB9C552B8B464F007F9B9C /* Models */,
				3BFB9C582B8B466D007F9B9C /* Screens */,
				3BFB9C542B8B4629007F9B9C /* App */,
				3BFB9C532B8B4621007F9B9C /* Resources */,
				3BFB9C472B8B406B007F9B9C /* ContentView.swift */,
				3BFB9C4B2B8B406D007F9B9C /* Preview Content */,
			);
			path = "Recipe App";
			sourceTree = "<group>";
		};
		3BFB9C4B2B8B406D007F9B9C /* Preview Content */ = {
			isa = PBXGroup;
			children = (
				3BFB9C4C2B8B406D007F9B9C /* Preview Assets.xcassets */,
			);
			path = "Preview Content";
			sourceTree = "<group>";
		};
		3BFB9C532B8B4621007F9B9C /* Resources */ = {
			isa = PBXGroup;
			children = (
				3BFB9C492B8B406D007F9B9C /* Assets.xcassets */,
			);
			path = Resources;
			sourceTree = "<group>";
		};
		3BFB9C542B8B4629007F9B9C /* App */ = {
			isa = PBXGroup;
			children = (
				3BFB9C452B8B406B007F9B9C /* Recipe_AppApp.swift */,
			);
			path = App;
			sourceTree = "<group>";
		};
		3BFB9C552B8B464F007F9B9C /* Models */ = {
			isa = PBXGroup;
			children = (
				3BFB9C592B8B468A007F9B9C /* Recipe.swift */,
				3BFB9C5D2B8B83EC007F9B9C /* Category.swift */,
				3BFB9C762B8C1FF5007F9B9C /* Meal.swift */,
			);
			path = Models;
			sourceTree = "<group>";
		};
		3BFB9C562B8B4655007F9B9C /* ViewModels */ = {
			isa = PBXGroup;
			children = (
				3BFB9C5F2B8B851F007F9B9C /* CategoriesVM.swift */,
				3BFB9C7C2B8C23F3007F9B9C /* MealsVM.swift */,
			);
			path = ViewModels;
			sourceTree = "<group>";
		};
		3BFB9C572B8B465F007F9B9C /* Commons */ = {
			isa = PBXGroup;
			children = (
				3BFB9C642B8B8918007F9B9C /* Constants */,
				3BFB9C612B8B8870007F9B9C /* Services */,
			);
			path = Commons;
			sourceTree = "<group>";
		};
		3BFB9C582B8B466D007F9B9C /* Screens */ = {
			isa = PBXGroup;
			children = (
				3BFB9C732B8B9CA9007F9B9C /* TabsView */,
				3BFB9C5C2B8B6E77007F9B9C /* SubView */,
				3BFB9C5B2B8B6E6E007F9B9C /* PageView */,
			);
			path = Screens;
			sourceTree = "<group>";
		};
		3BFB9C5B2B8B6E6E007F9B9C /* PageView */ = {
			isa = PBXGroup;
			children = (
				3BFB9C6F2B8B9918007F9B9C /* Home.swift */,
			);
			path = PageView;
			sourceTree = "<group>";
		};
		3BFB9C5C2B8B6E77007F9B9C /* SubView */ = {
			isa = PBXGroup;
			children = (
				3BFB9C6B2B8B8C56007F9B9C /* CategoryListView.swift */,
				3BFB9C6D2B8B942E007F9B9C /* CategoryCardView.swift */,
				3B532BBB2B8E104400C53B15 /* CategoryListAllView.swift */,
				3BFB9C782B8C21B2007F9B9C /* MealCategoryCard.swift */,
				3BFB9C7A2B8C23BC007F9B9C /* MealCategoryListView.swift */,
				3BFB9C7E2B8CB427007F9B9C /* MealDetailView.swift */,
			);
			path = SubView;
			sourceTree = "<group>";
		};
		3BFB9C612B8B8870007F9B9C /* Services */ = {
			isa = PBXGroup;
			children = (
				3BFB9C622B8B8888007F9B9C /* APIService.swift */,
			);
			path = Services;
			sourceTree = "<group>";
		};
		3BFB9C642B8B8918007F9B9C /* Constants */ = {
			isa = PBXGroup;
			children = (
				3BFB9C672B8B8997007F9B9C /* Constants.swift */,
			);
			path = Constants;
			sourceTree = "<group>";
		};
		3BFB9C732B8B9CA9007F9B9C /* TabsView */ = {
			isa = PBXGroup;
			children = (
				3BFB9C742B8B9CC5007F9B9C /* MainTabView.swift */,
			);
			path = TabsView;
			sourceTree = "<group>";
		};
/* End PBXGroup section */

/* Begin PBXNativeTarget section */
		3BFB9C412B8B406B007F9B9C /* Recipe App */ = {
			isa = PBXNativeTarget;
			buildConfigurationList = 3BFB9C502B8B406D007F9B9C /* Build configuration list for PBXNativeTarget "Recipe App" */;
			buildPhases = (
				3BFB9C3E2B8B406B007F9B9C /* Sources */,
				3BFB9C3F2B8B406B007F9B9C /* Frameworks */,
				3BFB9C402B8B406B007F9B9C /* Resources */,
			);
			buildRules = (
			);
			dependencies = (
			);
			name = "Recipe App";
			productName = "Recipe App";
			productReference = 3BFB9C422B8B406B007F9B9C /* Recipe App.app */;
			productType = "com.apple.product-type.application";
		};
/* End PBXNativeTarget section */

/* Begin PBXProject section */
		3BFB9C3A2B8B406A007F9B9C /* Project object */ = {
			isa = PBXProject;
			attributes = {
				BuildIndependentTargetsInParallel = 1;
				LastSwiftUpdateCheck = 1510;
				LastUpgradeCheck = 1510;
				TargetAttributes = {
					3BFB9C412B8B406B007F9B9C = {
						CreatedOnToolsVersion = 15.1;
					};
				};
			};
			buildConfigurationList = 3BFB9C3D2B8B406A007F9B9C /* Build configuration list for PBXProject "Recipe App" */;
			compatibilityVersion = "Xcode 14.0";
			developmentRegion = en;
			hasScannedForEncodings = 0;
			knownRegions = (
				en,
				Base,
			);
			mainGroup = 3BFB9C392B8B406A007F9B9C;
			productRefGroup = 3BFB9C432B8B406B007F9B9C /* Products */;
			projectDirPath = "";
			projectRoot = "";
			targets = (
				3BFB9C412B8B406B007F9B9C /* Recipe App */,
			);
		};
/* End PBXProject section */

/* Begin PBXResourcesBuildPhase section */
		3BFB9C402B8B406B007F9B9C /* Resources */ = {
			isa = PBXResourcesBuildPhase;
			buildActionMask = 2147483647;
			files = (
				3BFB9C4D2B8B406D007F9B9C /* Preview Assets.xcassets in Resources */,
				3BFB9C4A2B8B406D007F9B9C /* Assets.xcassets in Resources */,
			);
			runOnlyForDeploymentPostprocessing = 0;
		};
/* End PBXResourcesBuildPhase section */

/* Begin PBXSourcesBuildPhase section */
		3BFB9C3E2B8B406B007F9B9C /* Sources */ = {
			isa = PBXSourcesBuildPhase;
			buildActionMask = 2147483647;
			files = (
				3BFB9C5A2B8B468A007F9B9C /* Recipe.swift in Sources */,
				3BFB9C7B2B8C23BC007F9B9C /* MealCategoryListView.swift in Sources */,
				3BFB9C5E2B8B83EC007F9B9C /* Category.swift in Sources */,
				3BFB9C702B8B9918007F9B9C /* Home.swift in Sources */,
				3BFB9C7D2B8C23F3007F9B9C /* MealsVM.swift in Sources */,
				3BFB9C482B8B406B007F9B9C /* ContentView.swift in Sources */,
				3BFB9C792B8C21B2007F9B9C /* MealCategoryCard.swift in Sources */,
				3BFB9C772B8C1FF5007F9B9C /* Meal.swift in Sources */,
				3BFB9C602B8B851F007F9B9C /* CategoriesVM.swift in Sources */,
				3BFB9C752B8B9CC5007F9B9C /* MainTabView.swift in Sources */,
				3BFB9C6E2B8B942E007F9B9C /* CategoryCardView.swift in Sources */,
				3BFB9C682B8B8997007F9B9C /* Constants.swift in Sources */,
				3BFB9C7F2B8CB427007F9B9C /* MealDetailView.swift in Sources */,
				3BFB9C632B8B8888007F9B9C /* APIService.swift in Sources */,
				3B532BBC2B8E104400C53B15 /* CategoryListAllView.swift in Sources */,
				3BFB9C6C2B8B8C56007F9B9C /* CategoryListView.swift in Sources */,
				3BFB9C462B8B406B007F9B9C /* Recipe_AppApp.swift in Sources */,
			);
			runOnlyForDeploymentPostprocessing = 0;
		};
/* End PBXSourcesBuildPhase section */

/* Begin XCBuildConfiguration section */
		3BFB9C4E2B8B406D007F9B9C /* Debug */ = {
			isa = XCBuildConfiguration;
			buildSettings = {
				ALWAYS_SEARCH_USER_PATHS = NO;
				ASSETCATALOG_COMPILER_GENERATE_SWIFT_ASSET_SYMBOL_EXTENSIONS = YES;
				CLANG_ANALYZER_NONNULL = YES;
				CLANG_ANALYZER_NUMBER_OBJECT_CONVERSION = YES_AGGRESSIVE;
				CLANG_CXX_LANGUAGE_STANDARD = "gnu++20";
				CLANG_ENABLE_MODULES = YES;
				CLANG_ENABLE_OBJC_ARC = YES;
				CLANG_ENABLE_OBJC_WEAK = YES;
				CLANG_WARN_BLOCK_CAPTURE_AUTORELEASING = YES;
				CLANG_WARN_BOOL_CONVERSION = YES;
				CLANG_WARN_COMMA = YES;
				CLANG_WARN_CONSTANT_CONVERSION = YES;
				CLANG_WARN_DEPRECATED_OBJC_IMPLEMENTATIONS = YES;
				CLANG_WARN_DIRECT_OBJC_ISA_USAGE = YES_ERROR;
				CLANG_WARN_DOCUMENTATION_COMMENTS = YES;
				CLANG_WARN_EMPTY_BODY = YES;
				CLANG_WARN_ENUM_CONVERSION = YES;
				CLANG_WARN_INFINITE_RECURSION = YES;
				CLANG_WARN_INT_CONVERSION = YES;
				CLANG_WARN_NON_LITERAL_NULL_CONVERSION = YES;
				CLANG_WARN_OBJC_IMPLICIT_RETAIN_SELF = YES;
				CLANG_WARN_OBJC_LITERAL_CONVERSION = YES;
				CLANG_WARN_OBJC_ROOT_CLASS = YES_ERROR;
				CLANG_WARN_QUOTED_INCLUDE_IN_FRAMEWORK_HEADER = YES;
				CLANG_WARN_RANGE_LOOP_ANALYSIS = YES;
				CLANG_WARN_STRICT_PROTOTYPES = YES;
				CLANG_WARN_SUSPICIOUS_MOVE = YES;
				CLANG_WARN_UNGUARDED_AVAILABILITY = YES_AGGRESSIVE;
				CLANG_WARN_UNREACHABLE_CODE = YES;
				CLANG_WARN__DUPLICATE_METHOD_MATCH = YES;
				COPY_PHASE_STRIP = NO;
				DEBUG_INFORMATION_FORMAT = dwarf;
				ENABLE_STRICT_OBJC_MSGSEND = YES;
				ENABLE_TESTABILITY = YES;
				ENABLE_USER_SCRIPT_SANDBOXING = YES;
				GCC_C_LANGUAGE_STANDARD = gnu17;
				GCC_DYNAMIC_NO_PIC = NO;
				GCC_NO_COMMON_BLOCKS = YES;
				GCC_OPTIMIZATION_LEVEL = 0;
				GCC_PREPROCESSOR_DEFINITIONS = (
					"DEBUG=1",
					"$(inherited)",
				);
				GCC_WARN_64_TO_32_BIT_CONVERSION = YES;
				GCC_WARN_ABOUT_RETURN_TYPE = YES_ERROR;
				GCC_WARN_UNDECLARED_SELECTOR = YES;
				GCC_WARN_UNINITIALIZED_AUTOS = YES_AGGRESSIVE;
				GCC_WARN_UNUSED_FUNCTION = YES;
				GCC_WARN_UNUSED_VARIABLE = YES;
				IPHONEOS_DEPLOYMENT_TARGET = 17.2;
				LOCALIZATION_PREFERS_STRING_CATALOGS = YES;
				MTL_ENABLE_DEBUG_INFO = INCLUDE_SOURCE;
				MTL_FAST_MATH = YES;
				ONLY_ACTIVE_ARCH = YES;
				SDKROOT = iphoneos;
				SWIFT_ACTIVE_COMPILATION_CONDITIONS = "DEBUG $(inherited)";
				SWIFT_OPTIMIZATION_LEVEL = "-Onone";
			};
			name = Debug;
		};
		3BFB9C4F2B8B406D007F9B9C /* Release */ = {
			isa = XCBuildConfiguration;
			buildSettings = {
				ALWAYS_SEARCH_USER_PATHS = NO;
				ASSETCATALOG_COMPILER_GENERATE_SWIFT_ASSET_SYMBOL_EXTENSIONS = YES;
				CLANG_ANALYZER_NONNULL = YES;
				CLANG_ANALYZER_NUMBER_OBJECT_CONVERSION = YES_AGGRESSIVE;
				CLANG_CXX_LANGUAGE_STANDARD = "gnu++20";
				CLANG_ENABLE_MODULES = YES;
				CLANG_ENABLE_OBJC_ARC = YES;
				CLANG_ENABLE_OBJC_WEAK = YES;
				CLANG_WARN_BLOCK_CAPTURE_AUTORELEASING = YES;
				CLANG_WARN_BOOL_CONVERSION = YES;
				CLANG_WARN_COMMA = YES;
				CLANG_WARN_CONSTANT_CONVERSION = YES;
				CLANG_WARN_DEPRECATED_OBJC_IMPLEMENTATIONS = YES;
				CLANG_WARN_DIRECT_OBJC_ISA_USAGE = YES_ERROR;
				CLANG_WARN_DOCUMENTATION_COMMENTS = YES;
				CLANG_WARN_EMPTY_BODY = YES;
				CLANG_WARN_ENUM_CONVERSION = YES;
				CLANG_WARN_INFINITE_RECURSION = YES;
				CLANG_WARN_INT_CONVERSION = YES;
				CLANG_WARN_NON_LITERAL_NULL_CONVERSION = YES;
				CLANG_WARN_OBJC_IMPLICIT_RETAIN_SELF = YES;
				CLANG_WARN_OBJC_LITERAL_CONVERSION = YES;
				CLANG_WARN_OBJC_ROOT_CLASS = YES_ERROR;
				CLANG_WARN_QUOTED_INCLUDE_IN_FRAMEWORK_HEADER = YES;
				CLANG_WARN_RANGE_LOOP_ANALYSIS = YES;
				CLANG_WARN_STRICT_PROTOTYPES = YES;
				CLANG_WARN_SUSPICIOUS_MOVE = YES;
				CLANG_WARN_UNGUARDED_AVAILABILITY = YES_AGGRESSIVE;
				CLANG_WARN_UNREACHABLE_CODE = YES;
				CLANG_WARN__DUPLICATE_METHOD_MATCH = YES;
				COPY_PHASE_STRIP = NO;
				DEBUG_INFORMATION_FORMAT = "dwarf-with-dsym";
				ENABLE_NS_ASSERTIONS = NO;
				ENABLE_STRICT_OBJC_MSGSEND = YES;
				ENABLE_USER_SCRIPT_SANDBOXING = YES;
				GCC_C_LANGUAGE_STANDARD = gnu17;
				GCC_NO_COMMON_BLOCKS = YES;
				GCC_WARN_64_TO_32_BIT_CONVERSION = YES;
				GCC_WARN_ABOUT_RETURN_TYPE = YES_ERROR;
				GCC_WARN_UNDECLARED_SELECTOR = YES;
				GCC_WARN_UNINITIALIZED_AUTOS = YES_AGGRESSIVE;
				GCC_WARN_UNUSED_FUNCTION = YES;
				GCC_WARN_UNUSED_VARIABLE = YES;
				IPHONEOS_DEPLOYMENT_TARGET = 17.2;
				LOCALIZATION_PREFERS_STRING_CATALOGS = YES;
				MTL_ENABLE_DEBUG_INFO = NO;
				MTL_FAST_MATH = YES;
				SDKROOT = iphoneos;
				SWIFT_COMPILATION_MODE = wholemodule;
				VALIDATE_PRODUCT = YES;
			};
			name = Release;
		};
		3BFB9C512B8B406D007F9B9C /* Debug */ = {
			isa = XCBuildConfiguration;
			buildSettings = {
				ASSETCATALOG_COMPILER_APPICON_NAME = AppIcon;
				ASSETCATALOG_COMPILER_GLOBAL_ACCENT_COLOR_NAME = AccentColor;
				CODE_SIGN_STYLE = Automatic;
				CURRENT_PROJECT_VERSION = 1;
				DEVELOPMENT_ASSET_PATHS = "\"Recipe App/Preview Content\"";
				DEVELOPMENT_TEAM = 2LV65ZKNC2;
				ENABLE_PREVIEWS = YES;
				GENERATE_INFOPLIST_FILE = YES;
				INFOPLIST_KEY_UIApplicationSceneManifest_Generation = YES;
				INFOPLIST_KEY_UIApplicationSupportsIndirectInputEvents = YES;
				INFOPLIST_KEY_UILaunchScreen_Generation = YES;
				INFOPLIST_KEY_UISupportedInterfaceOrientations_iPad = "UIInterfaceOrientationPortrait UIInterfaceOrientationPortraitUpsideDown UIInterfaceOrientationLandscapeLeft UIInterfaceOrientationLandscapeRight";
				INFOPLIST_KEY_UISupportedInterfaceOrientations_iPhone = "UIInterfaceOrientationPortrait UIInterfaceOrientationLandscapeLeft UIInterfaceOrientationLandscapeRight";
				LD_RUNPATH_SEARCH_PATHS = (
					"$(inherited)",
					"@executable_path/Frameworks",
				);
				MARKETING_VERSION = 1.0;
				PRODUCT_BUNDLE_IDENTIFIER = "com.adityahimaone.Recipe-App";
				PRODUCT_NAME = "$(TARGET_NAME)";
				SWIFT_EMIT_LOC_STRINGS = YES;
				SWIFT_VERSION = 5.0;
				TARGETED_DEVICE_FAMILY = "1,2";
			};
			name = Debug;
		};
		3BFB9C522B8B406D007F9B9C /* Release */ = {
			isa = XCBuildConfiguration;
			buildSettings = {
				ASSETCATALOG_COMPILER_APPICON_NAME = AppIcon;
				ASSETCATALOG_COMPILER_GLOBAL_ACCENT_COLOR_NAME = AccentColor;
				CODE_SIGN_STYLE = Automatic;
				CURRENT_PROJECT_VERSION = 1;
				DEVELOPMENT_ASSET_PATHS = "\"Recipe App/Preview Content\"";
				DEVELOPMENT_TEAM = 2LV65ZKNC2;
				ENABLE_PREVIEWS = YES;
				GENERATE_INFOPLIST_FILE = YES;
				INFOPLIST_KEY_UIApplicationSceneManifest_Generation = YES;
				INFOPLIST_KEY_UIApplicationSupportsIndirectInputEvents = YES;
				INFOPLIST_KEY_UILaunchScreen_Generation = YES;
				INFOPLIST_KEY_UISupportedInterfaceOrientations_iPad = "UIInterfaceOrientationPortrait UIInterfaceOrientationPortraitUpsideDown UIInterfaceOrientationLandscapeLeft UIInterfaceOrientationLandscapeRight";
				INFOPLIST_KEY_UISupportedInterfaceOrientations_iPhone = "UIInterfaceOrientationPortrait UIInterfaceOrientationLandscapeLeft UIInterfaceOrientationLandscapeRight";
				LD_RUNPATH_SEARCH_PATHS = (
					"$(inherited)",
					"@executable_path/Frameworks",
				);
				MARKETING_VERSION = 1.0;
				PRODUCT_BUNDLE_IDENTIFIER = "com.adityahimaone.Recipe-App";
				PRODUCT_NAME = "$(TARGET_NAME)";
				SWIFT_EMIT_LOC_STRINGS = YES;
				SWIFT_VERSION = 5.0;
				TARGETED_DEVICE_FAMILY = "1,2";
			};
			name = Release;
		};
/* End XCBuildConfiguration section */

/* Begin XCConfigurationList section */
		3BFB9C3D2B8B406A007F9B9C /* Build configuration list for PBXProject "Recipe App" */ = {
			isa = XCConfigurationList;
			buildConfigurations = (
				3BFB9C4E2B8B406D007F9B9C /* Debug */,
				3BFB9C4F2B8B406D007F9B9C /* Release */,
			);
			defaultConfigurationIsVisible = 0;
			defaultConfigurationName = Release;
		};
		3BFB9C502B8B406D007F9B9C /* Build configuration list for PBXNativeTarget "Recipe App" */ = {
			isa = XCConfigurationList;
			buildConfigurations = (
				3BFB9C512B8B406D007F9B9C /* Debug */,
				3BFB9C522B8B406D007F9B9C /* Release */,
			);
			defaultConfigurationIsVisible = 0;
			defaultConfigurationName = Release;
		};
/* End XCConfigurationList section */
	};
	rootObject = 3BFB9C3A2B8B406A007F9B9C /* Project object */;
}
